// !$*UTF8*$!
{
	archiveVersion = 1;
	classes = {
	};
	objectVersion = 56;
	objects = {

/* Begin PBXBuildFile section */
		E9BA67DB2C5CD5C40023E5EA /* JuscanitApp.swift in Sources */ = {isa = PBXBuildFile; fileRef = E9BA67DA2C5CD5C40023E5EA /* JuscanitApp.swift */; };
		E9BA67DD2C5CD5C40023E5EA /* ContentView.swift in Sources */ = {isa = PBXBuildFile; fileRef = E9BA67DC2C5CD5C40023E5EA /* ContentView.swift */; };
		E9BA67DF2C5CD5C50023E5EA /* Assets.xcassets in Resources */ = {isa = PBXBuildFile; fileRef = E9BA67DE2C5CD5C50023E5EA /* Assets.xcassets */; };
		E9BA67E22C5CD5C50023E5EA /* Preview Assets.xcassets in Resources */ = {isa = PBXBuildFile; fileRef = E9BA67E12C5CD5C50023E5EA /* Preview Assets.xcassets */; };
		E9BA67EC2C5CD5C60023E5EA /* JuscanitTests.swift in Sources */ = {isa = PBXBuildFile; fileRef = E9BA67EB2C5CD5C60023E5EA /* JuscanitTests.swift */; };
		E9BA67F62C5CD5C60023E5EA /* JuscanitUITests.swift in Sources */ = {isa = PBXBuildFile; fileRef = E9BA67F52C5CD5C60023E5EA /* JuscanitUITests.swift */; };
		E9BA67F82C5CD5C60023E5EA /* JuscanitUITestsLaunchTests.swift in Sources */ = {isa = PBXBuildFile; fileRef = E9BA67F72C5CD5C60023E5EA /* JuscanitUITestsLaunchTests.swift */; };
		E9BA68062C5CEF810023E5EA /* CodeScanner in Frameworks */ = {isa = PBXBuildFile; productRef = E9BA68052C5CEF810023E5EA /* CodeScanner */; };
/* End PBXBuildFile section */

/* Begin PBXContainerItemProxy section */
		E9BA67E82C5CD5C60023E5EA /* PBXContainerItemProxy */ = {
			isa = PBXContainerItemProxy;
			containerPortal = E9BA67CF2C5CD5C40023E5EA /* Project object */;
			proxyType = 1;
			remoteGlobalIDString = E9BA67D62C5CD5C40023E5EA;
			remoteInfo = WhatBar;
		};
		E9BA67F22C5CD5C60023E5EA /* PBXContainerItemProxy */ = {
			isa = PBXContainerItemProxy;
			containerPortal = E9BA67CF2C5CD5C40023E5EA /* Project object */;
			proxyType = 1;
			remoteGlobalIDString = E9BA67D62C5CD5C40023E5EA;
			remoteInfo = WhatBar;
		};
/* End PBXContainerItemProxy section */

/* Begin PBXFileReference section */
		E9BA67D72C5CD5C40023E5EA /* juscanit.app */ = {isa = PBXFileReference; explicitFileType = wrapper.application; includeInIndex = 0; path = juscanit.app; sourceTree = BUILT_PRODUCTS_DIR; };
		E9BA67DA2C5CD5C40023E5EA /* JuscanitApp.swift */ = {isa = PBXFileReference; lastKnownFileType = sourcecode.swift; path = JuscanitApp.swift; sourceTree = "<group>"; };
		E9BA67DC2C5CD5C40023E5EA /* ContentView.swift */ = {isa = PBXFileReference; lastKnownFileType = sourcecode.swift; path = ContentView.swift; sourceTree = "<group>"; };
		E9BA67DE2C5CD5C50023E5EA /* Assets.xcassets */ = {isa = PBXFileReference; lastKnownFileType = folder.assetcatalog; path = Assets.xcassets; sourceTree = "<group>"; };
		E9BA67E12C5CD5C50023E5EA /* Preview Assets.xcassets */ = {isa = PBXFileReference; lastKnownFileType = folder.assetcatalog; path = "Preview Assets.xcassets"; sourceTree = "<group>"; };
		E9BA67E72C5CD5C60023E5EA /* juscanitTests.xctest */ = {isa = PBXFileReference; explicitFileType = wrapper.cfbundle; includeInIndex = 0; path = juscanitTests.xctest; sourceTree = BUILT_PRODUCTS_DIR; };
		E9BA67EB2C5CD5C60023E5EA /* JuscanitTests.swift */ = {isa = PBXFileReference; lastKnownFileType = sourcecode.swift; path = JuscanitTests.swift; sourceTree = "<group>"; };
		E9BA67F12C5CD5C60023E5EA /* juscanitUITests.xctest */ = {isa = PBXFileReference; explicitFileType = wrapper.cfbundle; includeInIndex = 0; path = juscanitUITests.xctest; sourceTree = BUILT_PRODUCTS_DIR; };
		E9BA67F52C5CD5C60023E5EA /* JuscanitUITests.swift */ = {isa = PBXFileReference; lastKnownFileType = sourcecode.swift; path = JuscanitUITests.swift; sourceTree = "<group>"; };
		E9BA67F72C5CD5C60023E5EA /* JuscanitUITestsLaunchTests.swift */ = {isa = PBXFileReference; lastKnownFileType = sourcecode.swift; path = JuscanitUITestsLaunchTests.swift; sourceTree = "<group>"; };
/* End PBXFileReference section */

/* Begin PBXFrameworksBuildPhase section */
		E9BA67D42C5CD5C40023E5EA /* Frameworks */ = {
			isa = PBXFrameworksBuildPhase;
			buildActionMask = 2147483647;
			files = (
				E9BA68062C5CEF810023E5EA /* CodeScanner in Frameworks */,
			);
			runOnlyForDeploymentPostprocessing = 0;
		};
		E9BA67E42C5CD5C60023E5EA /* Frameworks */ = {
			isa = PBXFrameworksBuildPhase;
			buildActionMask = 2147483647;
			files = (
			);
			runOnlyForDeploymentPostprocessing = 0;
		};
		E9BA67EE2C5CD5C60023E5EA /* Frameworks */ = {
			isa = PBXFrameworksBuildPhase;
			buildActionMask = 2147483647;
			files = (
			);
			runOnlyForDeploymentPostprocessing = 0;
		};
/* End PBXFrameworksBuildPhase section */

/* Begin PBXGroup section */
		E9BA67CE2C5CD5C40023E5EA = {
			isa = PBXGroup;
			children = (
				E9BA67D92C5CD5C40023E5EA /* Juscanit */,
				E9BA67EA2C5CD5C60023E5EA /* JuscanitTests */,
				E9BA67F42C5CD5C60023E5EA /* JuscanitUITests */,
				E9BA67D82C5CD5C40023E5EA /* Products */,
			);
			sourceTree = "<group>";
		};
		E9BA67D82C5CD5C40023E5EA /* Products */ = {
			isa = PBXGroup;
			children = (
				E9BA67D72C5CD5C40023E5EA /* juscanit.app */,
				E9BA67E72C5CD5C60023E5EA /* juscanitTests.xctest */,
				E9BA67F12C5CD5C60023E5EA /* juscanitUITests.xctest */,
			);
			name = Products;
			sourceTree = "<group>";
		};
		E9BA67D92C5CD5C40023E5EA /* Juscanit */ = {
			isa = PBXGroup;
			children = (
				E9BA67DA2C5CD5C40023E5EA /* JuscanitApp.swift */,
				E9BA67DC2C5CD5C40023E5EA /* ContentView.swift */,
				E9BA67DE2C5CD5C50023E5EA /* Assets.xcassets */,
				E9BA67E02C5CD5C50023E5EA /* Preview Content */,
			);
			path = Juscanit;
			sourceTree = "<group>";
		};
		E9BA67E02C5CD5C50023E5EA /* Preview Content */ = {
			isa = PBXGroup;
			children = (
				E9BA67E12C5CD5C50023E5EA /* Preview Assets.xcassets */,
			);
			path = "Preview Content";
			sourceTree = "<group>";
		};
		E9BA67EA2C5CD5C60023E5EA /* JuscanitTests */ = {
			isa = PBXGroup;
			children = (
				E9BA67EB2C5CD5C60023E5EA /* JuscanitTests.swift */,
			);
			path = JuscanitTests;
			sourceTree = "<group>";
		};
		E9BA67F42C5CD5C60023E5EA /* JuscanitUITests */ = {
			isa = PBXGroup;
			children = (
				E9BA67F52C5CD5C60023E5EA /* JuscanitUITests.swift */,
				E9BA67F72C5CD5C60023E5EA /* JuscanitUITestsLaunchTests.swift */,
			);
			path = JuscanitUITests;
			sourceTree = "<group>";
		};
/* End PBXGroup section */

/* Begin PBXNativeTarget section */
		E9BA67D62C5CD5C40023E5EA /* juscanit */ = {
			isa = PBXNativeTarget;
			buildConfigurationList = E9BA67FB2C5CD5C60023E5EA /* Build configuration list for PBXNativeTarget "juscanit" */;
			buildPhases = (
				E9BA67D32C5CD5C40023E5EA /* Sources */,
				E9BA67D42C5CD5C40023E5EA /* Frameworks */,
				E9BA67D52C5CD5C40023E5EA /* Resources */,
			);
			buildRules = (
			);
			dependencies = (
			);
			name = juscanit;
			packageProductDependencies = (
				E9BA68052C5CEF810023E5EA /* CodeScanner */,
			);
			productName = WhatBar;
			productReference = E9BA67D72C5CD5C40023E5EA /* juscanit.app */;
			productType = "com.apple.product-type.application";
		};
		E9BA67E62C5CD5C60023E5EA /* juscanitTests */ = {
			isa = PBXNativeTarget;
			buildConfigurationList = E9BA67FE2C5CD5C60023E5EA /* Build configuration list for PBXNativeTarget "juscanitTests" */;
			buildPhases = (
				E9BA67E32C5CD5C60023E5EA /* Sources */,
				E9BA67E42C5CD5C60023E5EA /* Frameworks */,
				E9BA67E52C5CD5C60023E5EA /* Resources */,
			);
			buildRules = (
			);
			dependencies = (
				E9BA67E92C5CD5C60023E5EA /* PBXTargetDependency */,
			);
			name = juscanitTests;
			productName = WhatBarTests;
			productReference = E9BA67E72C5CD5C60023E5EA /* juscanitTests.xctest */;
			productType = "com.apple.product-type.bundle.unit-test";
		};
		E9BA67F02C5CD5C60023E5EA /* juscanitUITests */ = {
			isa = PBXNativeTarget;
			buildConfigurationList = E9BA68012C5CD5C60023E5EA /* Build configuration list for PBXNativeTarget "juscanitUITests" */;
			buildPhases = (
				E9BA67ED2C5CD5C60023E5EA /* Sources */,
				E9BA67EE2C5CD5C60023E5EA /* Frameworks */,
				E9BA67EF2C5CD5C60023E5EA /* Resources */,
			);
			buildRules = (
			);
			dependencies = (
				E9BA67F32C5CD5C60023E5EA /* PBXTargetDependency */,
			);
			name = juscanitUITests;
			productName = WhatBarUITests;
			productReference = E9BA67F12C5CD5C60023E5EA /* juscanitUITests.xctest */;
			productType = "com.apple.product-type.bundle.ui-testing";
		};
/* End PBXNativeTarget section */

/* Begin PBXProject section */
		E9BA67CF2C5CD5C40023E5EA /* Project object */ = {
			isa = PBXProject;
			attributes = {
				BuildIndependentTargetsInParallel = 1;
				LastSwiftUpdateCheck = 1540;
				LastUpgradeCheck = 1540;
				TargetAttributes = {
					E9BA67D62C5CD5C40023E5EA = {
						CreatedOnToolsVersion = 15.4;
					};
					E9BA67E62C5CD5C60023E5EA = {
						CreatedOnToolsVersion = 15.4;
						TestTargetID = E9BA67D62C5CD5C40023E5EA;
					};
					E9BA67F02C5CD5C60023E5EA = {
						CreatedOnToolsVersion = 15.4;
						TestTargetID = E9BA67D62C5CD5C40023E5EA;
					};
				};
			};
			buildConfigurationList = E9BA67D22C5CD5C40023E5EA /* Build configuration list for PBXProject "juscanit" */;
			compatibilityVersion = "Xcode 14.0";
			developmentRegion = en;
			hasScannedForEncodings = 0;
			knownRegions = (
				en,
				Base,
			);
			mainGroup = E9BA67CE2C5CD5C40023E5EA;
			packageReferences = (
				E9BA68042C5CEF810023E5EA /* XCRemoteSwiftPackageReference "CodeScanner" */,
			);
			productRefGroup = E9BA67D82C5CD5C40023E5EA /* Products */;
			projectDirPath = "";
			projectRoot = "";
			targets = (
				E9BA67D62C5CD5C40023E5EA /* juscanit */,
				E9BA67E62C5CD5C60023E5EA /* juscanitTests */,
				E9BA67F02C5CD5C60023E5EA /* juscanitUITests */,
			);
		};
/* End PBXProject section */

/* Begin PBXResourcesBuildPhase section */
		E9BA67D52C5CD5C40023E5EA /* Resources */ = {
			isa = PBXResourcesBuildPhase;
			buildActionMask = 2147483647;
			files = (
				E9BA67E22C5CD5C50023E5EA /* Preview Assets.xcassets in Resources */,
				E9BA67DF2C5CD5C50023E5EA /* Assets.xcassets in Resources */,
			);
			runOnlyForDeploymentPostprocessing = 0;
		};
		E9BA67E52C5CD5C60023E5EA /* Resources */ = {
			isa = PBXResourcesBuildPhase;
			buildActionMask = 2147483647;
			files = (
			);
			runOnlyForDeploymentPostprocessing = 0;
		};
		E9BA67EF2C5CD5C60023E5EA /* Resources */ = {
			isa = PBXResourcesBuildPhase;
			buildActionMask = 2147483647;
			files = (
			);
			runOnlyForDeploymentPostprocessing = 0;
		};
/* End PBXResourcesBuildPhase section */

/* Begin PBXSourcesBuildPhase section */
		E9BA67D32C5CD5C40023E5EA /* Sources */ = {
			isa = PBXSourcesBuildPhase;
			buildActionMask = 2147483647;
			files = (
				E9BA67DD2C5CD5C40023E5EA /* ContentView.swift in Sources */,
				E9BA67DB2C5CD5C40023E5EA /* JuscanitApp.swift in Sources */,
			);
			runOnlyForDeploymentPostprocessing = 0;
		};
		E9BA67E32C5CD5C60023E5EA /* Sources */ = {
			isa = PBXSourcesBuildPhase;
			buildActionMask = 2147483647;
			files = (
				E9BA67EC2C5CD5C60023E5EA /* JuscanitTests.swift in Sources */,
			);
			runOnlyForDeploymentPostprocessing = 0;
		};
		E9BA67ED2C5CD5C60023E5EA /* Sources */ = {
			isa = PBXSourcesBuildPhase;
			buildActionMask = 2147483647;
			files = (
				E9BA67F82C5CD5C60023E5EA /* JuscanitUITestsLaunchTests.swift in Sources */,
				E9BA67F62C5CD5C60023E5EA /* JuscanitUITests.swift in Sources */,
			);
			runOnlyForDeploymentPostprocessing = 0;
		};
/* End PBXSourcesBuildPhase section */

/* Begin PBXTargetDependency section */
		E9BA67E92C5CD5C60023E5EA /* PBXTargetDependency */ = {
			isa = PBXTargetDependency;
			target = E9BA67D62C5CD5C40023E5EA /* juscanit */;
			targetProxy = E9BA67E82C5CD5C60023E5EA /* PBXContainerItemProxy */;
		};
		E9BA67F32C5CD5C60023E5EA /* PBXTargetDependency */ = {
			isa = PBXTargetDependency;
			target = E9BA67D62C5CD5C40023E5EA /* juscanit */;
			targetProxy = E9BA67F22C5CD5C60023E5EA /* PBXContainerItemProxy */;
		};
/* End PBXTargetDependency section */

/* Begin XCBuildConfiguration section */
		E9BA67F92C5CD5C60023E5EA /* Debug */ = {
			isa = XCBuildConfiguration;
			buildSettings = {
				ALWAYS_SEARCH_USER_PATHS = NO;
				ASSETCATALOG_COMPILER_GENERATE_SWIFT_ASSET_SYMBOL_EXTENSIONS = YES;
				CLANG_ANALYZER_NONNULL = YES;
				CLANG_ANALYZER_NUMBER_OBJECT_CONVERSION = YES_AGGRESSIVE;
				CLANG_CXX_LANGUAGE_STANDARD = "gnu++20";
				CLANG_ENABLE_MODULES = YES;
				CLANG_ENABLE_OBJC_ARC = YES;
				CLANG_ENABLE_OBJC_WEAK = YES;
				CLANG_WARN_BLOCK_CAPTURE_AUTORELEASING = YES;
				CLANG_WARN_BOOL_CONVERSION = YES;
				CLANG_WARN_COMMA = YES;
				CLANG_WARN_CONSTANT_CONVERSION = YES;
				CLANG_WARN_DEPRECATED_OBJC_IMPLEMENTATIONS = YES;
				CLANG_WARN_DIRECT_OBJC_ISA_USAGE = YES_ERROR;
				CLANG_WARN_DOCUMENTATION_COMMENTS = YES;
				CLANG_WARN_EMPTY_BODY = YES;
				CLANG_WARN_ENUM_CONVERSION = YES;
				CLANG_WARN_INFINITE_RECURSION = YES;
				CLANG_WARN_INT_CONVERSION = YES;
				CLANG_WARN_NON_LITERAL_NULL_CONVERSION = YES;
				CLANG_WARN_OBJC_IMPLICIT_RETAIN_SELF = YES;
				CLANG_WARN_OBJC_LITERAL_CONVERSION = YES;
				CLANG_WARN_OBJC_ROOT_CLASS = YES_ERROR;
				CLANG_WARN_QUOTED_INCLUDE_IN_FRAMEWORK_HEADER = YES;
				CLANG_WARN_RANGE_LOOP_ANALYSIS = YES;
				CLANG_WARN_STRICT_PROTOTYPES = YES;
				CLANG_WARN_SUSPICIOUS_MOVE = YES;
				CLANG_WARN_UNGUARDED_AVAILABILITY = YES_AGGRESSIVE;
				CLANG_WARN_UNREACHABLE_CODE = YES;
				CLANG_WARN__DUPLICATE_METHOD_MATCH = YES;
				COPY_PHASE_STRIP = NO;
				DEBUG_INFORMATION_FORMAT = dwarf;
				ENABLE_STRICT_OBJC_MSGSEND = YES;
				ENABLE_TESTABILITY = YES;
				ENABLE_USER_SCRIPT_SANDBOXING = YES;
				GCC_C_LANGUAGE_STANDARD = gnu17;
				GCC_DYNAMIC_NO_PIC = NO;
				GCC_NO_COMMON_BLOCKS = YES;
				GCC_OPTIMIZATION_LEVEL = 0;
				GCC_PREPROCESSOR_DEFINITIONS = (
					"DEBUG=1",
					"$(inherited)",
				);
				GCC_WARN_64_TO_32_BIT_CONVERSION = YES;
				GCC_WARN_ABOUT_RETURN_TYPE = YES_ERROR;
				GCC_WARN_UNDECLARED_SELECTOR = YES;
				GCC_WARN_UNINITIALIZED_AUTOS = YES_AGGRESSIVE;
				GCC_WARN_UNUSED_FUNCTION = YES;
				GCC_WARN_UNUSED_VARIABLE = YES;
				IPHONEOS_DEPLOYMENT_TARGET = 17.5;
				LOCALIZATION_PREFERS_STRING_CATALOGS = YES;
				MTL_ENABLE_DEBUG_INFO = INCLUDE_SOURCE;
				MTL_FAST_MATH = YES;
				ONLY_ACTIVE_ARCH = YES;
				SDKROOT = iphoneos;
				SWIFT_ACTIVE_COMPILATION_CONDITIONS = "DEBUG $(inherited)";
				SWIFT_OPTIMIZATION_LEVEL = "-Onone";
			};
			name = Debug;
		};
		E9BA67FA2C5CD5C60023E5EA /* Release */ = {
			isa = XCBuildConfiguration;
			buildSettings = {
				ALWAYS_SEARCH_USER_PATHS = NO;
				ASSETCATALOG_COMPILER_GENERATE_SWIFT_ASSET_SYMBOL_EXTENSIONS = YES;
				CLANG_ANALYZER_NONNULL = YES;
				CLANG_ANALYZER_NUMBER_OBJECT_CONVERSION = YES_AGGRESSIVE;
				CLANG_CXX_LANGUAGE_STANDARD = "gnu++20";
				CLANG_ENABLE_MODULES = YES;
				CLANG_ENABLE_OBJC_ARC = YES;
				CLANG_ENABLE_OBJC_WEAK = YES;
				CLANG_WARN_BLOCK_CAPTURE_AUTORELEASING = YES;
				CLANG_WARN_BOOL_CONVERSION = YES;
				CLANG_WARN_COMMA = YES;
				CLANG_WARN_CONSTANT_CONVERSION = YES;
				CLANG_WARN_DEPRECATED_OBJC_IMPLEMENTATIONS = YES;
				CLANG_WARN_DIRECT_OBJC_ISA_USAGE = YES_ERROR;
				CLANG_WARN_DOCUMENTATION_COMMENTS = YES;
				CLANG_WARN_EMPTY_BODY = YES;
				CLANG_WARN_ENUM_CONVERSION = YES;
				CLANG_WARN_INFINITE_RECURSION = YES;
				CLANG_WARN_INT_CONVERSION = YES;
				CLANG_WARN_NON_LITERAL_NULL_CONVERSION = YES;
				CLANG_WARN_OBJC_IMPLICIT_RETAIN_SELF = YES;
				CLANG_WARN_OBJC_LITERAL_CONVERSION = YES;
				CLANG_WARN_OBJC_ROOT_CLASS = YES_ERROR;
				CLANG_WARN_QUOTED_INCLUDE_IN_FRAMEWORK_HEADER = YES;
				CLANG_WARN_RANGE_LOOP_ANALYSIS = YES;
				CLANG_WARN_STRICT_PROTOTYPES = YES;
				CLANG_WARN_SUSPICIOUS_MOVE = YES;
				CLANG_WARN_UNGUARDED_AVAILABILITY = YES_AGGRESSIVE;
				CLANG_WARN_UNREACHABLE_CODE = YES;
				CLANG_WARN__DUPLICATE_METHOD_MATCH = YES;
				COPY_PHASE_STRIP = NO;
				DEBUG_INFORMATION_FORMAT = "dwarf-with-dsym";
				ENABLE_NS_ASSERTIONS = NO;
				ENABLE_STRICT_OBJC_MSGSEND = YES;
				ENABLE_USER_SCRIPT_SANDBOXING = YES;
				GCC_C_LANGUAGE_STANDARD = gnu17;
				GCC_NO_COMMON_BLOCKS = YES;
				GCC_WARN_64_TO_32_BIT_CONVERSION = YES;
				GCC_WARN_ABOUT_RETURN_TYPE = YES_ERROR;
				GCC_WARN_UNDECLARED_SELECTOR = YES;
				GCC_WARN_UNINITIALIZED_AUTOS = YES_AGGRESSIVE;
				GCC_WARN_UNUSED_FUNCTION = YES;
				GCC_WARN_UNUSED_VARIABLE = YES;
				IPHONEOS_DEPLOYMENT_TARGET = 17.5;
				LOCALIZATION_PREFERS_STRING_CATALOGS = YES;
				MTL_ENABLE_DEBUG_INFO = NO;
				MTL_FAST_MATH = YES;
				SDKROOT = iphoneos;
				SWIFT_COMPILATION_MODE = wholemodule;
				VALIDATE_PRODUCT = YES;
			};
			name = Release;
		};
		E9BA67FC2C5CD5C60023E5EA /* Debug */ = {
			isa = XCBuildConfiguration;
			buildSettings = {
				ASSETCATALOG_COMPILER_APPICON_NAME = AppIcon;
				ASSETCATALOG_COMPILER_GLOBAL_ACCENT_COLOR_NAME = AccentColor;
				CODE_SIGN_STYLE = Automatic;
				CURRENT_PROJECT_VERSION = 1;
				DEVELOPMENT_ASSET_PATHS = "\"Juscanit/Preview Content\"";
				DEVELOPMENT_TEAM = KLGCXC7B59;
				ENABLE_PREVIEWS = YES;
				GENERATE_INFOPLIST_FILE = YES;
				INFOPLIST_KEY_NSCameraUsageDescription = "Camera access is needed to scan barcodes";
				INFOPLIST_KEY_UIApplicationSceneManifest_Generation = YES;
				INFOPLIST_KEY_UIApplicationSupportsIndirectInputEvents = YES;
				INFOPLIST_KEY_UILaunchScreen_Generation = YES;
				INFOPLIST_KEY_UISupportedInterfaceOrientations_iPad = "UIInterfaceOrientationPortrait UIInterfaceOrientationPortraitUpsideDown UIInterfaceOrientationLandscapeLeft UIInterfaceOrientationLandscapeRight";
				INFOPLIST_KEY_UISupportedInterfaceOrientations_iPhone = "UIInterfaceOrientationPortrait UIInterfaceOrientationLandscapeLeft UIInterfaceOrientationLandscapeRight";
				IPHONEOS_DEPLOYMENT_TARGET = 17.0;
				LD_RUNPATH_SEARCH_PATHS = (
					"$(inherited)",
					"@executable_path/Frameworks",
				);
				MARKETING_VERSION = 1.0;
				PRODUCT_BUNDLE_IDENTIFIER = org.aardal.WhatBar;
				PRODUCT_NAME = "$(TARGET_NAME)";
				SWIFT_EMIT_LOC_STRINGS = YES;
				SWIFT_VERSION = 5.0;
				TARGETED_DEVICE_FAMILY = "1,2";
			};
			name = Debug;
		};
		E9BA67FD2C5CD5C60023E5EA /* Release */ = {
			isa = XCBuildConfiguration;
			buildSettings = {
				ASSETCATALOG_COMPILER_APPICON_NAME = AppIcon;
				ASSETCATALOG_COMPILER_GLOBAL_ACCENT_COLOR_NAME = AccentColor;
				CODE_SIGN_STYLE = Automatic;
				CURRENT_PROJECT_VERSION = 1;
				DEVELOPMENT_ASSET_PATHS = "\"Juscanit/Preview Content\"";
				DEVELOPMENT_TEAM = KLGCXC7B59;
				ENABLE_PREVIEWS = YES;
				GENERATE_INFOPLIST_FILE = YES;
				INFOPLIST_KEY_NSCameraUsageDescription = "Camera access is needed to scan barcodes";
				INFOPLIST_KEY_UIApplicationSceneManifest_Generation = YES;
				INFOPLIST_KEY_UIApplicationSupportsIndirectInputEvents = YES;
				INFOPLIST_KEY_UILaunchScreen_Generation = YES;
				INFOPLIST_KEY_UISupportedInterfaceOrientations_iPad = "UIInterfaceOrientationPortrait UIInterfaceOrientationPortraitUpsideDown UIInterfaceOrientationLandscapeLeft UIInterfaceOrientationLandscapeRight";
				INFOPLIST_KEY_UISupportedInterfaceOrientations_iPhone = "UIInterfaceOrientationPortrait UIInterfaceOrientationLandscapeLeft UIInterfaceOrientationLandscapeRight";
				IPHONEOS_DEPLOYMENT_TARGET = 17.0;
				LD_RUNPATH_SEARCH_PATHS = (
					"$(inherited)",
					"@executable_path/Frameworks",
				);
				MARKETING_VERSION = 1.0;
				PRODUCT_BUNDLE_IDENTIFIER = org.aardal.WhatBar;
				PRODUCT_NAME = "$(TARGET_NAME)";
				SWIFT_EMIT_LOC_STRINGS = YES;
				SWIFT_VERSION = 5.0;
				TARGETED_DEVICE_FAMILY = "1,2";
			};
			name = Release;
		};
		E9BA67FF2C5CD5C60023E5EA /* Debug */ = {
			isa = XCBuildConfiguration;
			buildSettings = {
				ALWAYS_EMBED_SWIFT_STANDARD_LIBRARIES = YES;
				BUNDLE_LOADER = "$(TEST_HOST)";
				CODE_SIGN_STYLE = Automatic;
				CURRENT_PROJECT_VERSION = 1;
				DEVELOPMENT_TEAM = KLGCXC7B59;
				GENERATE_INFOPLIST_FILE = YES;
				IPHONEOS_DEPLOYMENT_TARGET = 17.5;
				MARKETING_VERSION = 1.0;
				PRODUCT_BUNDLE_IDENTIFIER = org.aardal.WhatBarTests;
				PRODUCT_NAME = "$(TARGET_NAME)";
				SWIFT_EMIT_LOC_STRINGS = NO;
				SWIFT_VERSION = 5.0;
				TARGETED_DEVICE_FAMILY = "1,2";
				TEST_HOST = "$(BUILT_PRODUCTS_DIR)/juscanit.app/$(BUNDLE_EXECUTABLE_FOLDER_PATH)/juscanit";
			};
			name = Debug;
		};
		E9BA68002C5CD5C60023E5EA /* Release */ = {
			isa = XCBuildConfiguration;
			buildSettings = {
				ALWAYS_EMBED_SWIFT_STANDARD_LIBRARIES = YES;
				BUNDLE_LOADER = "$(TEST_HOST)";
				CODE_SIGN_STYLE = Automatic;
				CURRENT_PROJECT_VERSION = 1;
				DEVELOPMENT_TEAM = KLGCXC7B59;
				GENERATE_INFOPLIST_FILE = YES;
				IPHONEOS_DEPLOYMENT_TARGET = 17.5;
				MARKETING_VERSION = 1.0;
				PRODUCT_BUNDLE_IDENTIFIER = org.aardal.WhatBarTests;
				PRODUCT_NAME = "$(TARGET_NAME)";
				SWIFT_EMIT_LOC_STRINGS = NO;
				SWIFT_VERSION = 5.0;
				TARGETED_DEVICE_FAMILY = "1,2";
				TEST_HOST = "$(BUILT_PRODUCTS_DIR)/juscanit.app/$(BUNDLE_EXECUTABLE_FOLDER_PATH)/juscanit";
			};
			name = Release;
		};
		E9BA68022C5CD5C60023E5EA /* Debug */ = {
			isa = XCBuildConfiguration;
			buildSettings = {
				ALWAYS_EMBED_SWIFT_STANDARD_LIBRARIES = YES;
				CODE_SIGN_STYLE = Automatic;
				CURRENT_PROJECT_VERSION = 1;
				DEVELOPMENT_TEAM = KLGCXC7B59;
				GENERATE_INFOPLIST_FILE = YES;
				MARKETING_VERSION = 1.0;
				PRODUCT_BUNDLE_IDENTIFIER = org.aardal.WhatBarUITests;
				PRODUCT_NAME = "$(TARGET_NAME)";
				SWIFT_EMIT_LOC_STRINGS = NO;
				SWIFT_VERSION = 5.0;
				TARGETED_DEVICE_FAMILY = "1,2";
				TEST_TARGET_NAME = WhatBar;
			};
			name = Debug;
		};
		E9BA68032C5CD5C60023E5EA /* Release */ = {
			isa = XCBuildConfiguration;
			buildSettings = {
				ALWAYS_EMBED_SWIFT_STANDARD_LIBRARIES = YES;
				CODE_SIGN_STYLE = Automatic;
				CURRENT_PROJECT_VERSION = 1;
				DEVELOPMENT_TEAM = KLGCXC7B59;
				GENERATE_INFOPLIST_FILE = YES;
				MARKETING_VERSION = 1.0;
				PRODUCT_BUNDLE_IDENTIFIER = org.aardal.WhatBarUITests;
				PRODUCT_NAME = "$(TARGET_NAME)";
				SWIFT_EMIT_LOC_STRINGS = NO;
				SWIFT_VERSION = 5.0;
				TARGETED_DEVICE_FAMILY = "1,2";
				TEST_TARGET_NAME = WhatBar;
			};
			name = Release;
		};
/* End XCBuildConfiguration section */

/* Begin XCConfigurationList section */
		E9BA67D22C5CD5C40023E5EA /* Build configuration list for PBXProject "juscanit" */ = {
			isa = XCConfigurationList;
			buildConfigurations = (
				E9BA67F92C5CD5C60023E5EA /* Debug */,
				E9BA67FA2C5CD5C60023E5EA /* Release */,
			);
			defaultConfigurationIsVisible = 0;
			defaultConfigurationName = Release;
		};
		E9BA67FB2C5CD5C60023E5EA /* Build configuration list for PBXNativeTarget "juscanit" */ = {
			isa = XCConfigurationList;
			buildConfigurations = (
				E9BA67FC2C5CD5C60023E5EA /* Debug */,
				E9BA67FD2C5CD5C60023E5EA /* Release */,
			);
			defaultConfigurationIsVisible = 0;
			defaultConfigurationName = Release;
		};
		E9BA67FE2C5CD5C60023E5EA /* Build configuration list for PBXNativeTarget "juscanitTests" */ = {
			isa = XCConfigurationList;
			buildConfigurations = (
				E9BA67FF2C5CD5C60023E5EA /* Debug */,
				E9BA68002C5CD5C60023E5EA /* Release */,
			);
			defaultConfigurationIsVisible = 0;
			defaultConfigurationName = Release;
		};
		E9BA68012C5CD5C60023E5EA /* Build configuration list for PBXNativeTarget "juscanitUITests" */ = {
			isa = XCConfigurationList;
			buildConfigurations = (
				E9BA68022C5CD5C60023E5EA /* Debug */,
				E9BA68032C5CD5C60023E5EA /* Release */,
			);
			defaultConfigurationIsVisible = 0;
			defaultConfigurationName = Release;
		};
/* End XCConfigurationList section */

/* Begin XCRemoteSwiftPackageReference section */
		E9BA68042C5CEF810023E5EA /* XCRemoteSwiftPackageReference "CodeScanner" */ = {
			isa = XCRemoteSwiftPackageReference;
			repositoryURL = "https://github.com/twostraws/CodeScanner";
			requirement = {
				kind = upToNextMajorVersion;
				minimumVersion = 2.5.0;
			};
		};
/* End XCRemoteSwiftPackageReference section */

/* Begin XCSwiftPackageProductDependency section */
		E9BA68052C5CEF810023E5EA /* CodeScanner */ = {
			isa = XCSwiftPackageProductDependency;
			package = E9BA68042C5CEF810023E5EA /* XCRemoteSwiftPackageReference "CodeScanner" */;
			productName = CodeScanner;
		};
/* End XCSwiftPackageProductDependency section */
	};
	rootObject = E9BA67CF2C5CD5C40023E5EA /* Project object */;
}
